
Microsoft Visual Studio Solution File, Format Version 12.00
# Visual Studio Version 16
VisualStudioVersion = 16.0.30011.22
MinimumVisualStudioVersion = 10.0.40219.1
Project("{2150E333-8FDC-42A3-9474-1A3956D46DE8}") = "Services", "Services", "{6659B23F-9C80-4D87-A7F5-C8F0BF92F1C3}"
EndProject
Project("{2150E333-8FDC-42A3-9474-1A3956D46DE8}") = "WebApps", "WebApps", "{97644D3D-9B71-4916-9FB4-7D39EA71A09E}"
EndProject
Project("{2150E333-8FDC-42A3-9474-1A3956D46DE8}") = "Cadastros", "Cadastros", "{3C9FA227-4579-4170-8DFB-72523121BEA1}"
EndProject
Project("{2150E333-8FDC-42A3-9474-1A3956D46DE8}") = "Catalogo", "Catalogo", "{DC4D5784-8EE3-4EE8-B918-CE2FDA41BBE7}"
EndProject
Project("{2150E333-8FDC-42A3-9474-1A3956D46DE8}") = "Core", "Core", "{CC38388F-3AE1-4881-9270-CF454F7F460A}"
EndProject
Project("{2150E333-8FDC-42A3-9474-1A3956D46DE8}") = "Fiscal", "Fiscal", "{3CF4C721-0D43-4CB4-9712-93842382C295}"
EndProject
Project("{2150E333-8FDC-42A3-9474-1A3956D46DE8}") = "Pagamentos", "Pagamentos", "{69CEA161-8521-4D75-BF93-6C300A7A1712}"
EndProject
Project("{2150E333-8FDC-42A3-9474-1A3956D46DE8}") = "Vendas", "Vendas", "{7C673B29-E67A-4187-922F-7DBE419CFC8C}"
EndProject
Project("{9A19103F-16F7-4668-BE54-9A1E7A4F7556}") = "NerdStore.Catalogo.Domain", "src\NerdStore.Catalogo.Domain\NerdStore.Catalogo.Domain.csproj", "{ADF20832-1CCF-4F53-89D4-F5476D890C96}"
EndProject
Project("{9A19103F-16F7-4668-BE54-9A1E7A4F7556}") = "NerdStore.Core", "src\NerdStore.Core\NerdStore.Core.csproj", "{FAC87D0A-D538-41CF-9D64-57BCA59AF159}"
EndProject
Project("{2150E333-8FDC-42A3-9474-1A3956D46DE8}") = "Tests", "Tests", "{0EEC98C9-A954-4F1E-8CF3-33A180E69888}"
EndProject
Project("{9A19103F-16F7-4668-BE54-9A1E7A4F7556}") = "NerdStore.Catalogo.Domain.Tests", "tests\NerdStore.Catalogo.Domain.Tests\NerdStore.Catalogo.Domain.Tests.csproj", "{43F27DD9-1AB4-4EE3-8786-03BEED8F9589}"
EndProject
Project("{9A19103F-16F7-4668-BE54-9A1E7A4F7556}") = "NerdStore.Catalogo.Data", "src\NerdStore.Catalogo.Data\NerdStore.Catalogo.Data.csproj", "{7AA24FD4-6885-44C1-8284-39D2BC0976A9}"
EndProject
Project("{9A19103F-16F7-4668-BE54-9A1E7A4F7556}") = "NerdStore.Catalogo.Application", "src\NerdStore.Catalogo.Application\NerdStore.Catalogo.Application.csproj", "{FBABBD76-751A-4F6E-BD01-E5354021BC6C}"
EndProject
Project("{9A19103F-16F7-4668-BE54-9A1E7A4F7556}") = "NerdStore.WebApp.MVC", "src\NerdStore.WebApp.MVC\NerdStore.WebApp.MVC.csproj", "{46E99B5B-C37F-44E9-A29B-A533457955B4}"
EndProject
Project("{FAE04EC0-301F-11D3-BF4B-00C04F79EFBC}") = "NerdStore.Vendas.Domain", "src\NerdStore.Vendas.Domain\NerdStore.Vendas.Domain.csproj", "{8250B4D8-5E58-4CFB-8646-2C914A5AB695}"
EndProject
Project("{FAE04EC0-301F-11D3-BF4B-00C04F79EFBC}") = "NerdStore.Vendas.Application", "src\NerdStore.Vendas.Application\NerdStore.Vendas.Application.csproj", "{C8216127-C6B6-4F8C-AC61-8C9F995D7168}"
EndProject
Project("{FAE04EC0-301F-11D3-BF4B-00C04F79EFBC}") = "NerdStore.Vendas.Data", "src\NerdStore.Vendas.Data\NerdStore.Vendas.Data.csproj", "{84A46C3A-45AF-4AAC-9E15-43867BD488AC}"
EndProject
Global
	GlobalSection(SolutionConfigurationPlatforms) = preSolution
		Debug|Any CPU = Debug|Any CPU
		Release|Any CPU = Release|Any CPU
	EndGlobalSection
	GlobalSection(ProjectConfigurationPlatforms) = postSolution
		{ADF20832-1CCF-4F53-89D4-F5476D890C96}.Debug|Any CPU.ActiveCfg = Debug|Any CPU
		{ADF20832-1CCF-4F53-89D4-F5476D890C96}.Debug|Any CPU.Build.0 = Debug|Any CPU
		{ADF20832-1CCF-4F53-89D4-F5476D890C96}.Release|Any CPU.ActiveCfg = Release|Any CPU
		{ADF20832-1CCF-4F53-89D4-F5476D890C96}.Release|Any CPU.Build.0 = Release|Any CPU
		{FAC87D0A-D538-41CF-9D64-57BCA59AF159}.Debug|Any CPU.ActiveCfg = Debug|Any CPU
		{FAC87D0A-D538-41CF-9D64-57BCA59AF159}.Debug|Any CPU.Build.0 = Debug|Any CPU
		{FAC87D0A-D538-41CF-9D64-57BCA59AF159}.Release|Any CPU.ActiveCfg = Release|Any CPU
		{FAC87D0A-D538-41CF-9D64-57BCA59AF159}.Release|Any CPU.Build.0 = Release|Any CPU
		{43F27DD9-1AB4-4EE3-8786-03BEED8F9589}.Debug|Any CPU.ActiveCfg = Debug|Any CPU
		{43F27DD9-1AB4-4EE3-8786-03BEED8F9589}.Debug|Any CPU.Build.0 = Debug|Any CPU
		{43F27DD9-1AB4-4EE3-8786-03BEED8F9589}.Release|Any CPU.ActiveCfg = Release|Any CPU
		{43F27DD9-1AB4-4EE3-8786-03BEED8F9589}.Release|Any CPU.Build.0 = Release|Any CPU
		{7AA24FD4-6885-44C1-8284-39D2BC0976A9}.Debug|Any CPU.ActiveCfg = Debug|Any CPU
		{7AA24FD4-6885-44C1-8284-39D2BC0976A9}.Debug|Any CPU.Build.0 = Debug|Any CPU
		{7AA24FD4-6885-44C1-8284-39D2BC0976A9}.Release|Any CPU.ActiveCfg = Release|Any CPU
		{7AA24FD4-6885-44C1-8284-39D2BC0976A9}.Release|Any CPU.Build.0 = Release|Any CPU
		{FBABBD76-751A-4F6E-BD01-E5354021BC6C}.Debug|Any CPU.ActiveCfg = Debug|Any CPU
		{FBABBD76-751A-4F6E-BD01-E5354021BC6C}.Debug|Any CPU.Build.0 = Debug|Any CPU
		{FBABBD76-751A-4F6E-BD01-E5354021BC6C}.Release|Any CPU.ActiveCfg = Release|Any CPU
		{FBABBD76-751A-4F6E-BD01-E5354021BC6C}.Release|Any CPU.Build.0 = Release|Any CPU
		{46E99B5B-C37F-44E9-A29B-A533457955B4}.Debug|Any CPU.ActiveCfg = Debug|Any CPU
		{46E99B5B-C37F-44E9-A29B-A533457955B4}.Debug|Any CPU.Build.0 = Debug|Any CPU
		{46E99B5B-C37F-44E9-A29B-A533457955B4}.Release|Any CPU.ActiveCfg = Release|Any CPU
		{46E99B5B-C37F-44E9-A29B-A533457955B4}.Release|Any CPU.Build.0 = Release|Any CPU
		{8250B4D8-5E58-4CFB-8646-2C914A5AB695}.Debug|Any CPU.ActiveCfg = Debug|Any CPU
		{8250B4D8-5E58-4CFB-8646-2C914A5AB695}.Debug|Any CPU.Build.0 = Debug|Any CPU
		{8250B4D8-5E58-4CFB-8646-2C914A5AB695}.Release|Any CPU.ActiveCfg = Release|Any CPU
		{8250B4D8-5E58-4CFB-8646-2C914A5AB695}.Release|Any CPU.Build.0 = Release|Any CPU
		{C8216127-C6B6-4F8C-AC61-8C9F995D7168}.Debug|Any CPU.ActiveCfg = Debug|Any CPU
		{C8216127-C6B6-4F8C-AC61-8C9F995D7168}.Debug|Any CPU.Build.0 = Debug|Any CPU
		{C8216127-C6B6-4F8C-AC61-8C9F995D7168}.Release|Any CPU.ActiveCfg = Release|Any CPU
		{C8216127-C6B6-4F8C-AC61-8C9F995D7168}.Release|Any CPU.Build.0 = Release|Any CPU
		{84A46C3A-45AF-4AAC-9E15-43867BD488AC}.Debug|Any CPU.ActiveCfg = Debug|Any CPU
		{84A46C3A-45AF-4AAC-9E15-43867BD488AC}.Debug|Any CPU.Build.0 = Debug|Any CPU
		{84A46C3A-45AF-4AAC-9E15-43867BD488AC}.Release|Any CPU.ActiveCfg = Release|Any CPU
		{84A46C3A-45AF-4AAC-9E15-43867BD488AC}.Release|Any CPU.Build.0 = Release|Any CPU
	EndGlobalSection
	GlobalSection(SolutionProperties) = preSolution
		HideSolutionNode = FALSE
	EndGlobalSection
	GlobalSection(NestedProjects) = preSolution
		{3C9FA227-4579-4170-8DFB-72523121BEA1} = {6659B23F-9C80-4D87-A7F5-C8F0BF92F1C3}
		{DC4D5784-8EE3-4EE8-B918-CE2FDA41BBE7} = {6659B23F-9C80-4D87-A7F5-C8F0BF92F1C3}
		{CC38388F-3AE1-4881-9270-CF454F7F460A} = {6659B23F-9C80-4D87-A7F5-C8F0BF92F1C3}
		{3CF4C721-0D43-4CB4-9712-93842382C295} = {6659B23F-9C80-4D87-A7F5-C8F0BF92F1C3}
		{69CEA161-8521-4D75-BF93-6C300A7A1712} = {6659B23F-9C80-4D87-A7F5-C8F0BF92F1C3}
		{7C673B29-E67A-4187-922F-7DBE419CFC8C} = {6659B23F-9C80-4D87-A7F5-C8F0BF92F1C3}
		{ADF20832-1CCF-4F53-89D4-F5476D890C96} = {DC4D5784-8EE3-4EE8-B918-CE2FDA41BBE7}
		{FAC87D0A-D538-41CF-9D64-57BCA59AF159} = {CC38388F-3AE1-4881-9270-CF454F7F460A}
		{0EEC98C9-A954-4F1E-8CF3-33A180E69888} = {DC4D5784-8EE3-4EE8-B918-CE2FDA41BBE7}
		{43F27DD9-1AB4-4EE3-8786-03BEED8F9589} = {0EEC98C9-A954-4F1E-8CF3-33A180E69888}
		{7AA24FD4-6885-44C1-8284-39D2BC0976A9} = {DC4D5784-8EE3-4EE8-B918-CE2FDA41BBE7}
		{FBABBD76-751A-4F6E-BD01-E5354021BC6C} = {DC4D5784-8EE3-4EE8-B918-CE2FDA41BBE7}
		{46E99B5B-C37F-44E9-A29B-A533457955B4} = {97644D3D-9B71-4916-9FB4-7D39EA71A09E}
		{8250B4D8-5E58-4CFB-8646-2C914A5AB695} = {7C673B29-E67A-4187-922F-7DBE419CFC8C}
		{C8216127-C6B6-4F8C-AC61-8C9F995D7168} = {7C673B29-E67A-4187-922F-7DBE419CFC8C}
		{84A46C3A-45AF-4AAC-9E15-43867BD488AC} = {7C673B29-E67A-4187-922F-7DBE419CFC8C}
	EndGlobalSection
	GlobalSection(ExtensibilityGlobals) = postSolution
		SolutionGuid = {622DE1E0-E29A-436D-9B8C-9243E67E2E99}
	EndGlobalSection
EndGlobal
